
Microsoft Visual Studio Solution File, Format Version 12.00
# Visual Studio Version 17
VisualStudioVersion = 17.6.33723.286
MinimumVisualStudioVersion = 10.0.40219.1
Project("{FAE04EC0-301F-11D3-BF4B-00C04F79EFBC}") = "cloud 17~19", "cloud 17~19.csproj", "{0B013155-658B-4487-8474-2EFBE1800612}"
EndProject
Global
	GlobalSection(SolutionConfigurationPlatforms) = preSolution
		Debug|Any CPU = Debug|Any CPU
		Release|Any CPU = Release|Any CPU
	EndGlobalSection
	GlobalSection(ProjectConfigurationPlatforms) = postSolution
		{0B013155-658B-4487-8474-2EFBE1800612}.Debug|Any CPU.ActiveCfg = Debug|Any CPU
		{0B013155-658B-4487-8474-2EFBE1800612}.Debug|Any CPU.Build.0 = Debug|Any CPU
		{0B013155-658B-4487-8474-2EFBE1800612}.Release|Any CPU.ActiveCfg = Release|Any CPU
		{0B013155-658B-4487-8474-2EFBE1800612}.Release|Any CPU.Build.0 = Release|Any CPU
	EndGlobalSection
	GlobalSection(SolutionProperties) = preSolution
		HideSolutionNode = FALSE
	EndGlobalSection
	GlobalSection(ExtensibilityGlobals) = postSolution
		SolutionGuid = {FE49A3C4-DE1D-4DB7-9A56-11A131341A4F}
	EndGlobalSection
EndGlobal
